
Microsoft Visual Studio Solution File, Format Version 12.00
# Visual Studio Version 17
VisualStudioVersion = 17.13.35828.75
MinimumVisualStudioVersion = 10.0.40219.1
Project("{FAE04EC0-301F-11D3-BF4B-00C04F79EFBC}") = "Intervals", "Intervals\Intervals.csproj", "{94432BB6-854D-4662-AD77-66FE9D5DE9E0}"
EndProject
Project("{FAE04EC0-301F-11D3-BF4B-00C04F79EFBC}") = "IntervalTests", "IntervalTests\IntervalTests.csproj", "{3A0EAE4E-78BC-4796-9A1D-F5C83AFA31B6}"
EndProject
Project("{FAE04EC0-301F-11D3-BF4B-00C04F79EFBC}") = "Nonlinear Solvers", "NonlinearSolvers\Nonlinear Solvers.csproj", "{37652238-7C03-4B6A-9AC5-7B85C437F776}"
EndProject
Project("{FAE04EC0-301F-11D3-BF4B-00C04F79EFBC}") = "IntervalsDesktop", "IntervalsDesktop\IntervalsDesktop.csproj", "{1F53BB7C-84A5-483A-87D4-7B30C623A983}"
EndProject
Project("{FAE04EC0-301F-11D3-BF4B-00C04F79EFBC}") = "Functions", "Functions\Functions.csproj", "{285CFB5E-CBB9-4336-849B-F3E27AC0191A}"
EndProject
Project("{FAE04EC0-301F-11D3-BF4B-00C04F79EFBC}") = "UserFunctions", "UserFunctions\UserFunctions.csproj", "{8E48E610-6A84-4B03-9E59-4BF3C9157D60}"
EndProject
Global
	GlobalSection(SolutionConfigurationPlatforms) = preSolution
		Debug|Any CPU = Debug|Any CPU
		Release|Any CPU = Release|Any CPU
	EndGlobalSection
	GlobalSection(ProjectConfigurationPlatforms) = postSolution
		{94432BB6-854D-4662-AD77-66FE9D5DE9E0}.Debug|Any CPU.ActiveCfg = Debug|Any CPU
		{94432BB6-854D-4662-AD77-66FE9D5DE9E0}.Debug|Any CPU.Build.0 = Debug|Any CPU
		{94432BB6-854D-4662-AD77-66FE9D5DE9E0}.Release|Any CPU.ActiveCfg = Release|Any CPU
		{94432BB6-854D-4662-AD77-66FE9D5DE9E0}.Release|Any CPU.Build.0 = Release|Any CPU
		{3A0EAE4E-78BC-4796-9A1D-F5C83AFA31B6}.Debug|Any CPU.ActiveCfg = Debug|Any CPU
		{3A0EAE4E-78BC-4796-9A1D-F5C83AFA31B6}.Debug|Any CPU.Build.0 = Debug|Any CPU
		{3A0EAE4E-78BC-4796-9A1D-F5C83AFA31B6}.Release|Any CPU.ActiveCfg = Release|Any CPU
		{3A0EAE4E-78BC-4796-9A1D-F5C83AFA31B6}.Release|Any CPU.Build.0 = Release|Any CPU
		{37652238-7C03-4B6A-9AC5-7B85C437F776}.Debug|Any CPU.ActiveCfg = Debug|Any CPU
		{37652238-7C03-4B6A-9AC5-7B85C437F776}.Debug|Any CPU.Build.0 = Debug|Any CPU
		{37652238-7C03-4B6A-9AC5-7B85C437F776}.Release|Any CPU.ActiveCfg = Release|Any CPU
		{37652238-7C03-4B6A-9AC5-7B85C437F776}.Release|Any CPU.Build.0 = Release|Any CPU
		{1F53BB7C-84A5-483A-87D4-7B30C623A983}.Debug|Any CPU.ActiveCfg = Debug|Any CPU
		{1F53BB7C-84A5-483A-87D4-7B30C623A983}.Debug|Any CPU.Build.0 = Debug|Any CPU
		{1F53BB7C-84A5-483A-87D4-7B30C623A983}.Release|Any CPU.ActiveCfg = Release|Any CPU
		{1F53BB7C-84A5-483A-87D4-7B30C623A983}.Release|Any CPU.Build.0 = Release|Any CPU
		{285CFB5E-CBB9-4336-849B-F3E27AC0191A}.Debug|Any CPU.ActiveCfg = Debug|Any CPU
		{285CFB5E-CBB9-4336-849B-F3E27AC0191A}.Debug|Any CPU.Build.0 = Debug|Any CPU
		{285CFB5E-CBB9-4336-849B-F3E27AC0191A}.Release|Any CPU.ActiveCfg = Release|Any CPU
		{285CFB5E-CBB9-4336-849B-F3E27AC0191A}.Release|Any CPU.Build.0 = Release|Any CPU
		{8E48E610-6A84-4B03-9E59-4BF3C9157D60}.Debug|Any CPU.ActiveCfg = Debug|Any CPU
		{8E48E610-6A84-4B03-9E59-4BF3C9157D60}.Debug|Any CPU.Build.0 = Debug|Any CPU
		{8E48E610-6A84-4B03-9E59-4BF3C9157D60}.Release|Any CPU.ActiveCfg = Release|Any CPU
		{8E48E610-6A84-4B03-9E59-4BF3C9157D60}.Release|Any CPU.Build.0 = Release|Any CPU
	EndGlobalSection
	GlobalSection(SolutionProperties) = preSolution
		HideSolutionNode = FALSE
	EndGlobalSection
	GlobalSection(ExtensibilityGlobals) = postSolution
		SolutionGuid = {82B73C18-B18D-4D4D-9514-E3C5118D217B}
	EndGlobalSection
EndGlobal
